
Microsoft Visual Studio Solution File, Format Version 12.00
# Visual Studio Version 17
VisualStudioVersion = 17.9.34607.119
MinimumVisualStudioVersion = 10.0.40219.1
Project("{FAE04EC0-301F-11D3-BF4B-00C04F79EFBC}") = "calculo de sueldos", "calculo de sueldos\calculo de sueldos.csproj", "{01B3EAF5-3674-442A-8252-24B56DF281FA}"
EndProject
Global
	GlobalSection(SolutionConfigurationPlatforms) = preSolution
		Debug|Any CPU = Debug|Any CPU
		Release|Any CPU = Release|Any CPU
	EndGlobalSection
	GlobalSection(ProjectConfigurationPlatforms) = postSolution
		{01B3EAF5-3674-442A-8252-24B56DF281FA}.Debug|Any CPU.ActiveCfg = Debug|Any CPU
		{01B3EAF5-3674-442A-8252-24B56DF281FA}.Debug|Any CPU.Build.0 = Debug|Any CPU
		{01B3EAF5-3674-442A-8252-24B56DF281FA}.Release|Any CPU.ActiveCfg = Release|Any CPU
		{01B3EAF5-3674-442A-8252-24B56DF281FA}.Release|Any CPU.Build.0 = Release|Any CPU
	EndGlobalSection
	GlobalSection(SolutionProperties) = preSolution
		HideSolutionNode = FALSE
	EndGlobalSection
	GlobalSection(ExtensibilityGlobals) = postSolution
		SolutionGuid = {5E87C2AB-CBB9-48B0-9554-6F029827D09D}
	EndGlobalSection
EndGlobal
